// !$*UTF8*$!
{
	archiveVersion = 1;
	classes = {
	};
	objectVersion = 56;
	objects = {

/* Begin PBXBuildFile section */
		EB1C4DD02A18A65900DE510E /* AppDelegate.swift in Sources */ = {isa = PBXBuildFile; fileRef = EB1C4DCF2A18A65900DE510E /* AppDelegate.swift */; };
		EB1C4DD22A18A65900DE510E /* SceneDelegate.swift in Sources */ = {isa = PBXBuildFile; fileRef = EB1C4DD12A18A65900DE510E /* SceneDelegate.swift */; };
		EB1C4DD42A18A65900DE510E /* ViewController.swift in Sources */ = {isa = PBXBuildFile; fileRef = EB1C4DD32A18A65900DE510E /* ViewController.swift */; };
		EB1C4DD72A18A65900DE510E /* Main.storyboard in Resources */ = {isa = PBXBuildFile; fileRef = EB1C4DD52A18A65900DE510E /* Main.storyboard */; };
		EB1C4DDA2A18A65900DE510E /* PruebaTecnica.xcdatamodeld in Sources */ = {isa = PBXBuildFile; fileRef = EB1C4DD82A18A65900DE510E /* PruebaTecnica.xcdatamodeld */; };
		EB1C4DDF2A18A65A00DE510E /* LaunchScreen.storyboard in Resources */ = {isa = PBXBuildFile; fileRef = EB1C4DDD2A18A65A00DE510E /* LaunchScreen.storyboard */; };
		EB1C4DEA2A18A65A00DE510E /* PruebaTecnicaTests.swift in Sources */ = {isa = PBXBuildFile; fileRef = EB1C4DE92A18A65A00DE510E /* PruebaTecnicaTests.swift */; };
		EB1C4DF42A18A65A00DE510E /* PruebaTecnicaUITests.swift in Sources */ = {isa = PBXBuildFile; fileRef = EB1C4DF32A18A65A00DE510E /* PruebaTecnicaUITests.swift */; };
		EB1C4DF62A18A65A00DE510E /* PruebaTecnicaUITestsLaunchTests.swift in Sources */ = {isa = PBXBuildFile; fileRef = EB1C4DF52A18A65A00DE510E /* PruebaTecnicaUITestsLaunchTests.swift */; };
		EB1C4E072A18A6EF00DE510E /* UIImageView.swift in Sources */ = {isa = PBXBuildFile; fileRef = EB1C4E062A18A6EF00DE510E /* UIImageView.swift */; };
		EB1C4E092A18A70D00DE510E /* Bank.swift in Sources */ = {isa = PBXBuildFile; fileRef = EB1C4E082A18A70D00DE510E /* Bank.swift */; };
		EB1C4E0B2A18A71500DE510E /* Network.swift in Sources */ = {isa = PBXBuildFile; fileRef = EB1C4E0A2A18A71500DE510E /* Network.swift */; };
		EB1C4E0D2A18A71C00DE510E /* BankModel.swift in Sources */ = {isa = PBXBuildFile; fileRef = EB1C4E0C2A18A71C00DE510E /* BankModel.swift */; };
		EB1C4E0F2A18A73700DE510E /* TableViewCell.xib in Resources */ = {isa = PBXBuildFile; fileRef = EB1C4E0E2A18A73700DE510E /* TableViewCell.xib */; };
		EB1C4E112A18A74000DE510E /* TableViewCell.swift in Sources */ = {isa = PBXBuildFile; fileRef = EB1C4E102A18A74000DE510E /* TableViewCell.swift */; };
		EB1C4E132A18B1B900DE510E /* Assets.xcassets in Resources */ = {isa = PBXBuildFile; fileRef = EB1C4E122A18B1B900DE510E /* Assets.xcassets */; };
/* End PBXBuildFile section */

/* Begin PBXContainerItemProxy section */
		EB1C4DE62A18A65A00DE510E /* PBXContainerItemProxy */ = {
			isa = PBXContainerItemProxy;
			containerPortal = EB1C4DC42A18A65900DE510E /* Project object */;
			proxyType = 1;
			remoteGlobalIDString = EB1C4DCB2A18A65900DE510E;
			remoteInfo = PruebaTecnica;
		};
		EB1C4DF02A18A65A00DE510E /* PBXContainerItemProxy */ = {
			isa = PBXContainerItemProxy;
			containerPortal = EB1C4DC42A18A65900DE510E /* Project object */;
			proxyType = 1;
			remoteGlobalIDString = EB1C4DCB2A18A65900DE510E;
			remoteInfo = PruebaTecnica;
		};
/* End PBXContainerItemProxy section */

/* Begin PBXFileReference section */
		EB1C4DCC2A18A65900DE510E /* PruebaTecnica.app */ = {isa = PBXFileReference; explicitFileType = wrapper.application; includeInIndex = 0; path = PruebaTecnica.app; sourceTree = BUILT_PRODUCTS_DIR; };
		EB1C4DCF2A18A65900DE510E /* AppDelegate.swift */ = {isa = PBXFileReference; lastKnownFileType = sourcecode.swift; path = AppDelegate.swift; sourceTree = "<group>"; };
		EB1C4DD12A18A65900DE510E /* SceneDelegate.swift */ = {isa = PBXFileReference; lastKnownFileType = sourcecode.swift; path = SceneDelegate.swift; sourceTree = "<group>"; };
		EB1C4DD32A18A65900DE510E /* ViewController.swift */ = {isa = PBXFileReference; lastKnownFileType = sourcecode.swift; path = ViewController.swift; sourceTree = "<group>"; };
		EB1C4DD62A18A65900DE510E /* Base */ = {isa = PBXFileReference; lastKnownFileType = file.storyboard; name = Base; path = Base.lproj/Main.storyboard; sourceTree = "<group>"; };
		EB1C4DD92A18A65900DE510E /* PruebaTecnica.xcdatamodel */ = {isa = PBXFileReference; lastKnownFileType = wrapper.xcdatamodel; path = PruebaTecnica.xcdatamodel; sourceTree = "<group>"; };
		EB1C4DDE2A18A65A00DE510E /* Base */ = {isa = PBXFileReference; lastKnownFileType = file.storyboard; name = Base; path = Base.lproj/LaunchScreen.storyboard; sourceTree = "<group>"; };
		EB1C4DE02A18A65A00DE510E /* Info.plist */ = {isa = PBXFileReference; lastKnownFileType = text.plist.xml; path = Info.plist; sourceTree = "<group>"; };
		EB1C4DE52A18A65A00DE510E /* PruebaTecnicaTests.xctest */ = {isa = PBXFileReference; explicitFileType = wrapper.cfbundle; includeInIndex = 0; path = PruebaTecnicaTests.xctest; sourceTree = BUILT_PRODUCTS_DIR; };
		EB1C4DE92A18A65A00DE510E /* PruebaTecnicaTests.swift */ = {isa = PBXFileReference; lastKnownFileType = sourcecode.swift; path = PruebaTecnicaTests.swift; sourceTree = "<group>"; };
		EB1C4DEF2A18A65A00DE510E /* PruebaTecnicaUITests.xctest */ = {isa = PBXFileReference; explicitFileType = wrapper.cfbundle; includeInIndex = 0; path = PruebaTecnicaUITests.xctest; sourceTree = BUILT_PRODUCTS_DIR; };
		EB1C4DF32A18A65A00DE510E /* PruebaTecnicaUITests.swift */ = {isa = PBXFileReference; lastKnownFileType = sourcecode.swift; path = PruebaTecnicaUITests.swift; sourceTree = "<group>"; };
		EB1C4DF52A18A65A00DE510E /* PruebaTecnicaUITestsLaunchTests.swift */ = {isa = PBXFileReference; lastKnownFileType = sourcecode.swift; path = PruebaTecnicaUITestsLaunchTests.swift; sourceTree = "<group>"; };
		EB1C4E062A18A6EF00DE510E /* UIImageView.swift */ = {isa = PBXFileReference; fileEncoding = 4; lastKnownFileType = sourcecode.swift; path = UIImageView.swift; sourceTree = "<group>"; };
		EB1C4E082A18A70D00DE510E /* Bank.swift */ = {isa = PBXFileReference; fileEncoding = 4; lastKnownFileType = sourcecode.swift; path = Bank.swift; sourceTree = "<group>"; };
		EB1C4E0A2A18A71500DE510E /* Network.swift */ = {isa = PBXFileReference; fileEncoding = 4; lastKnownFileType = sourcecode.swift; path = Network.swift; sourceTree = "<group>"; };
		EB1C4E0C2A18A71C00DE510E /* BankModel.swift */ = {isa = PBXFileReference; fileEncoding = 4; lastKnownFileType = sourcecode.swift; path = BankModel.swift; sourceTree = "<group>"; };
		EB1C4E0E2A18A73700DE510E /* TableViewCell.xib */ = {isa = PBXFileReference; fileEncoding = 4; lastKnownFileType = file.xib; path = TableViewCell.xib; sourceTree = "<group>"; };
		EB1C4E102A18A74000DE510E /* TableViewCell.swift */ = {isa = PBXFileReference; fileEncoding = 4; lastKnownFileType = sourcecode.swift; path = TableViewCell.swift; sourceTree = "<group>"; };
		EB1C4E122A18B1B900DE510E /* Assets.xcassets */ = {isa = PBXFileReference; lastKnownFileType = folder.assetcatalog; name = Assets.xcassets; path = ../../OMartinezPruebaTecnica/OMartinezPruebaTecnica/Assets.xcassets; sourceTree = "<group>"; };
/* End PBXFileReference section */

/* Begin PBXFrameworksBuildPhase section */
		EB1C4DC92A18A65900DE510E /* Frameworks */ = {
			isa = PBXFrameworksBuildPhase;
			buildActionMask = 2147483647;
			files = (
			);
			runOnlyForDeploymentPostprocessing = 0;
		};
		EB1C4DE22A18A65A00DE510E /* Frameworks */ = {
			isa = PBXFrameworksBuildPhase;
			buildActionMask = 2147483647;
			files = (
			);
			runOnlyForDeploymentPostprocessing = 0;
		};
		EB1C4DEC2A18A65A00DE510E /* Frameworks */ = {
			isa = PBXFrameworksBuildPhase;
			buildActionMask = 2147483647;
			files = (
			);
			runOnlyForDeploymentPostprocessing = 0;
		};
/* End PBXFrameworksBuildPhase section */

/* Begin PBXGroup section */
		EB1C4DC32A18A65900DE510E = {
			isa = PBXGroup;
			children = (
				EB1C4DCE2A18A65900DE510E /* PruebaTecnica */,
				EB1C4DE82A18A65A00DE510E /* PruebaTecnicaTests */,
				EB1C4DF22A18A65A00DE510E /* PruebaTecnicaUITests */,
				EB1C4DCD2A18A65900DE510E /* Products */,
			);
			sourceTree = "<group>";
		};
		EB1C4DCD2A18A65900DE510E /* Products */ = {
			isa = PBXGroup;
			children = (
				EB1C4DCC2A18A65900DE510E /* PruebaTecnica.app */,
				EB1C4DE52A18A65A00DE510E /* PruebaTecnicaTests.xctest */,
				EB1C4DEF2A18A65A00DE510E /* PruebaTecnicaUITests.xctest */,
			);
			name = Products;
			sourceTree = "<group>";
		};
		EB1C4DCE2A18A65900DE510E /* PruebaTecnica */ = {
			isa = PBXGroup;
			children = (
				EB1C4E052A18A6AC00DE510E /* Model */,
				EB1C4E042A18A6A000DE510E /* View */,
				EB1C4E032A18A68600DE510E /* Controller */,
				EB1C4E022A18A67E00DE510E /* utils */,
				EB1C4E122A18B1B900DE510E /* Assets.xcassets */,
				EB1C4DE02A18A65A00DE510E /* Info.plist */,
				EB1C4DD82A18A65900DE510E /* PruebaTecnica.xcdatamodeld */,
			);
			path = PruebaTecnica;
			sourceTree = "<group>";
		};
		EB1C4DE82A18A65A00DE510E /* PruebaTecnicaTests */ = {
			isa = PBXGroup;
			children = (
				EB1C4DE92A18A65A00DE510E /* PruebaTecnicaTests.swift */,
			);
			path = PruebaTecnicaTests;
			sourceTree = "<group>";
		};
		EB1C4DF22A18A65A00DE510E /* PruebaTecnicaUITests */ = {
			isa = PBXGroup;
			children = (
				EB1C4DF32A18A65A00DE510E /* PruebaTecnicaUITests.swift */,
				EB1C4DF52A18A65A00DE510E /* PruebaTecnicaUITestsLaunchTests.swift */,
			);
			path = PruebaTecnicaUITests;
			sourceTree = "<group>";
		};
		EB1C4E022A18A67E00DE510E /* utils */ = {
			isa = PBXGroup;
			children = (
				EB1C4E062A18A6EF00DE510E /* UIImageView.swift */,
				EB1C4DD12A18A65900DE510E /* SceneDelegate.swift */,
				EB1C4DCF2A18A65900DE510E /* AppDelegate.swift */,
			);
			path = utils;
			sourceTree = "<group>";
		};
		EB1C4E032A18A68600DE510E /* Controller */ = {
			isa = PBXGroup;
			children = (
				EB1C4E102A18A74000DE510E /* TableViewCell.swift */,
				EB1C4DD32A18A65900DE510E /* ViewController.swift */,
			);
			path = Controller;
			sourceTree = "<group>";
		};
		EB1C4E042A18A6A000DE510E /* View */ = {
			isa = PBXGroup;
			children = (
				EB1C4DDD2A18A65A00DE510E /* LaunchScreen.storyboard */,
				EB1C4DD52A18A65900DE510E /* Main.storyboard */,
				EB1C4E0E2A18A73700DE510E /* TableViewCell.xib */,
			);
			path = View;
			sourceTree = "<group>";
		};
		EB1C4E052A18A6AC00DE510E /* Model */ = {
			isa = PBXGroup;
			children = (
				EB1C4E0A2A18A71500DE510E /* Network.swift */,
				EB1C4E082A18A70D00DE510E /* Bank.swift */,
				EB1C4E0C2A18A71C00DE510E /* BankModel.swift */,
			);
			path = Model;
			sourceTree = "<group>";
		};
/* End PBXGroup section */

/* Begin PBXNativeTarget section */
		EB1C4DCB2A18A65900DE510E /* PruebaTecnica */ = {
			isa = PBXNativeTarget;
			buildConfigurationList = EB1C4DF92A18A65A00DE510E /* Build configuration list for PBXNativeTarget "PruebaTecnica" */;
			buildPhases = (
				EB1C4DC82A18A65900DE510E /* Sources */,
				EB1C4DC92A18A65900DE510E /* Frameworks */,
				EB1C4DCA2A18A65900DE510E /* Resources */,
			);
			buildRules = (
			);
			dependencies = (
			);
			name = PruebaTecnica;
			productName = PruebaTecnica;
			productReference = EB1C4DCC2A18A65900DE510E /* PruebaTecnica.app */;
			productType = "com.apple.product-type.application";
		};
		EB1C4DE42A18A65A00DE510E /* PruebaTecnicaTests */ = {
			isa = PBXNativeTarget;
			buildConfigurationList = EB1C4DFC2A18A65A00DE510E /* Build configuration list for PBXNativeTarget "PruebaTecnicaTests" */;
			buildPhases = (
				EB1C4DE12A18A65A00DE510E /* Sources */,
				EB1C4DE22A18A65A00DE510E /* Frameworks */,
				EB1C4DE32A18A65A00DE510E /* Resources */,
			);
			buildRules = (
			);
			dependencies = (
				EB1C4DE72A18A65A00DE510E /* PBXTargetDependency */,
			);
			name = PruebaTecnicaTests;
			productName = PruebaTecnicaTests;
			productReference = EB1C4DE52A18A65A00DE510E /* PruebaTecnicaTests.xctest */;
			productType = "com.apple.product-type.bundle.unit-test";
		};
		EB1C4DEE2A18A65A00DE510E /* PruebaTecnicaUITests */ = {
			isa = PBXNativeTarget;
			buildConfigurationList = EB1C4DFF2A18A65A00DE510E /* Build configuration list for PBXNativeTarget "PruebaTecnicaUITests" */;
			buildPhases = (
				EB1C4DEB2A18A65A00DE510E /* Sources */,
				EB1C4DEC2A18A65A00DE510E /* Frameworks */,
				EB1C4DED2A18A65A00DE510E /* Resources */,
			);
			buildRules = (
			);
			dependencies = (
				EB1C4DF12A18A65A00DE510E /* PBXTargetDependency */,
			);
			name = PruebaTecnicaUITests;
			productName = PruebaTecnicaUITests;
			productReference = EB1C4DEF2A18A65A00DE510E /* PruebaTecnicaUITests.xctest */;
			productType = "com.apple.product-type.bundle.ui-testing";
		};
/* End PBXNativeTarget section */

/* Begin PBXProject section */
		EB1C4DC42A18A65900DE510E /* Project object */ = {
			isa = PBXProject;
			attributes = {
				BuildIndependentTargetsInParallel = 1;
				LastSwiftUpdateCheck = 1430;
				LastUpgradeCheck = 1430;
				TargetAttributes = {
					EB1C4DCB2A18A65900DE510E = {
						CreatedOnToolsVersion = 14.3;
					};
					EB1C4DE42A18A65A00DE510E = {
						CreatedOnToolsVersion = 14.3;
						TestTargetID = EB1C4DCB2A18A65900DE510E;
					};
					EB1C4DEE2A18A65A00DE510E = {
						CreatedOnToolsVersion = 14.3;
						TestTargetID = EB1C4DCB2A18A65900DE510E;
					};
				};
			};
			buildConfigurationList = EB1C4DC72A18A65900DE510E /* Build configuration list for PBXProject "PruebaTecnica" */;
			compatibilityVersion = "Xcode 14.0";
			developmentRegion = en;
			hasScannedForEncodings = 0;
			knownRegions = (
				en,
				Base,
			);
			mainGroup = EB1C4DC32A18A65900DE510E;
			productRefGroup = EB1C4DCD2A18A65900DE510E /* Products */;
			projectDirPath = "";
			projectRoot = "";
			targets = (
				EB1C4DCB2A18A65900DE510E /* PruebaTecnica */,
				EB1C4DE42A18A65A00DE510E /* PruebaTecnicaTests */,
				EB1C4DEE2A18A65A00DE510E /* PruebaTecnicaUITests */,
			);
		};
/* End PBXProject section */

/* Begin PBXResourcesBuildPhase section */
		EB1C4DCA2A18A65900DE510E /* Resources */ = {
			isa = PBXResourcesBuildPhase;
			buildActionMask = 2147483647;
			files = (
				EB1C4DDF2A18A65A00DE510E /* LaunchScreen.storyboard in Resources */,
				EB1C4E0F2A18A73700DE510E /* TableViewCell.xib in Resources */,
				EB1C4DD72A18A65900DE510E /* Main.storyboard in Resources */,
				EB1C4E132A18B1B900DE510E /* Assets.xcassets in Resources */,
			);
			runOnlyForDeploymentPostprocessing = 0;
		};
		EB1C4DE32A18A65A00DE510E /* Resources */ = {
			isa = PBXResourcesBuildPhase;
			buildActionMask = 2147483647;
			files = (
			);
			runOnlyForDeploymentPostprocessing = 0;
		};
		EB1C4DED2A18A65A00DE510E /* Resources */ = {
			isa = PBXResourcesBuildPhase;
			buildActionMask = 2147483647;
			files = (
			);
			runOnlyForDeploymentPostprocessing = 0;
		};
/* End PBXResourcesBuildPhase section */

/* Begin PBXSourcesBuildPhase section */
		EB1C4DC82A18A65900DE510E /* Sources */ = {
			isa = PBXSourcesBuildPhase;
			buildActionMask = 2147483647;
			files = (
				EB1C4DDA2A18A65900DE510E /* PruebaTecnica.xcdatamodeld in Sources */,
				EB1C4E072A18A6EF00DE510E /* UIImageView.swift in Sources */,
				EB1C4DD42A18A65900DE510E /* ViewController.swift in Sources */,
				EB1C4E112A18A74000DE510E /* TableViewCell.swift in Sources */,
				EB1C4E092A18A70D00DE510E /* Bank.swift in Sources */,
				EB1C4DD02A18A65900DE510E /* AppDelegate.swift in Sources */,
				EB1C4E0B2A18A71500DE510E /* Network.swift in Sources */,
				EB1C4DD22A18A65900DE510E /* SceneDelegate.swift in Sources */,
				EB1C4E0D2A18A71C00DE510E /* BankModel.swift in Sources */,
			);
			runOnlyForDeploymentPostprocessing = 0;
		};
		EB1C4DE12A18A65A00DE510E /* Sources */ = {
			isa = PBXSourcesBuildPhase;
			buildActionMask = 2147483647;
			files = (
				EB1C4DEA2A18A65A00DE510E /* PruebaTecnicaTests.swift in Sources */,
			);
			runOnlyForDeploymentPostprocessing = 0;
		};
		EB1C4DEB2A18A65A00DE510E /* Sources */ = {
			isa = PBXSourcesBuildPhase;
			buildActionMask = 2147483647;
			files = (
				EB1C4DF42A18A65A00DE510E /* PruebaTecnicaUITests.swift in Sources */,
				EB1C4DF62A18A65A00DE510E /* PruebaTecnicaUITestsLaunchTests.swift in Sources */,
			);
			runOnlyForDeploymentPostprocessing = 0;
		};
/* End PBXSourcesBuildPhase section */

/* Begin PBXTargetDependency section */
		EB1C4DE72A18A65A00DE510E /* PBXTargetDependency */ = {
			isa = PBXTargetDependency;
			target = EB1C4DCB2A18A65900DE510E /* PruebaTecnica */;
			targetProxy = EB1C4DE62A18A65A00DE510E /* PBXContainerItemProxy */;
		};
		EB1C4DF12A18A65A00DE510E /* PBXTargetDependency */ = {
			isa = PBXTargetDependency;
			target = EB1C4DCB2A18A65900DE510E /* PruebaTecnica */;
			targetProxy = EB1C4DF02A18A65A00DE510E /* PBXContainerItemProxy */;
		};
/* End PBXTargetDependency section */

/* Begin PBXVariantGroup section */
		EB1C4DD52A18A65900DE510E /* Main.storyboard */ = {
			isa = PBXVariantGroup;
			children = (
				EB1C4DD62A18A65900DE510E /* Base */,
			);
			name = Main.storyboard;
			sourceTree = "<group>";
		};
		EB1C4DDD2A18A65A00DE510E /* LaunchScreen.storyboard */ = {
			isa = PBXVariantGroup;
			children = (
				EB1C4DDE2A18A65A00DE510E /* Base */,
			);
			name = LaunchScreen.storyboard;
			sourceTree = "<group>";
		};
/* End PBXVariantGroup section */

/* Begin XCBuildConfiguration section */
		EB1C4DF72A18A65A00DE510E /* Debug */ = {
			isa = XCBuildConfiguration;
			buildSettings = {
				ALWAYS_SEARCH_USER_PATHS = NO;
				CLANG_ANALYZER_NONNULL = YES;
				CLANG_ANALYZER_NUMBER_OBJECT_CONVERSION = YES_AGGRESSIVE;
				CLANG_CXX_LANGUAGE_STANDARD = "gnu++20";
				CLANG_ENABLE_MODULES = YES;
				CLANG_ENABLE_OBJC_ARC = YES;
				CLANG_ENABLE_OBJC_WEAK = YES;
				CLANG_WARN_BLOCK_CAPTURE_AUTORELEASING = YES;
				CLANG_WARN_BOOL_CONVERSION = YES;
				CLANG_WARN_COMMA = YES;
				CLANG_WARN_CONSTANT_CONVERSION = YES;
				CLANG_WARN_DEPRECATED_OBJC_IMPLEMENTATIONS = YES;
				CLANG_WARN_DIRECT_OBJC_ISA_USAGE = YES_ERROR;
				CLANG_WARN_DOCUMENTATION_COMMENTS = YES;
				CLANG_WARN_EMPTY_BODY = YES;
				CLANG_WARN_ENUM_CONVERSION = YES;
				CLANG_WARN_INFINITE_RECURSION = YES;
				CLANG_WARN_INT_CONVERSION = YES;
				CLANG_WARN_NON_LITERAL_NULL_CONVERSION = YES;
				CLANG_WARN_OBJC_IMPLICIT_RETAIN_SELF = YES;
				CLANG_WARN_OBJC_LITERAL_CONVERSION = YES;
				CLANG_WARN_OBJC_ROOT_CLASS = YES_ERROR;
				CLANG_WARN_QUOTED_INCLUDE_IN_FRAMEWORK_HEADER = YES;
				CLANG_WARN_RANGE_LOOP_ANALYSIS = YES;
				CLANG_WARN_STRICT_PROTOTYPES = YES;
				CLANG_WARN_SUSPICIOUS_MOVE = YES;
				CLANG_WARN_UNGUARDED_AVAILABILITY = YES_AGGRESSIVE;
				CLANG_WARN_UNREACHABLE_CODE = YES;
				CLANG_WARN__DUPLICATE_METHOD_MATCH = YES;
				COPY_PHASE_STRIP = NO;
				DEBUG_INFORMATION_FORMAT = dwarf;
				ENABLE_STRICT_OBJC_MSGSEND = YES;
				ENABLE_TESTABILITY = YES;
				GCC_C_LANGUAGE_STANDARD = gnu11;
				GCC_DYNAMIC_NO_PIC = NO;
				GCC_NO_COMMON_BLOCKS = YES;
				GCC_OPTIMIZATION_LEVEL = 0;
				GCC_PREPROCESSOR_DEFINITIONS = (
					"DEBUG=1",
					"$(inherited)",
				);
				GCC_WARN_64_TO_32_BIT_CONVERSION = YES;
				GCC_WARN_ABOUT_RETURN_TYPE = YES_ERROR;
				GCC_WARN_UNDECLARED_SELECTOR = YES;
				GCC_WARN_UNINITIALIZED_AUTOS = YES_AGGRESSIVE;
				GCC_WARN_UNUSED_FUNCTION = YES;
				GCC_WARN_UNUSED_VARIABLE = YES;
				IPHONEOS_DEPLOYMENT_TARGET = 12.0;
				MTL_ENABLE_DEBUG_INFO = INCLUDE_SOURCE;
				MTL_FAST_MATH = YES;
				ONLY_ACTIVE_ARCH = YES;
				SDKROOT = iphoneos;
				SWIFT_ACTIVE_COMPILATION_CONDITIONS = DEBUG;
				SWIFT_OPTIMIZATION_LEVEL = "-Onone";
			};
			name = Debug;
		};
		EB1C4DF82A18A65A00DE510E /* Release */ = {
			isa = XCBuildConfiguration;
			buildSettings = {
				ALWAYS_SEARCH_USER_PATHS = NO;
				CLANG_ANALYZER_NONNULL = YES;
				CLANG_ANALYZER_NUMBER_OBJECT_CONVERSION = YES_AGGRESSIVE;
				CLANG_CXX_LANGUAGE_STANDARD = "gnu++20";
				CLANG_ENABLE_MODULES = YES;
				CLANG_ENABLE_OBJC_ARC = YES;
				CLANG_ENABLE_OBJC_WEAK = YES;
				CLANG_WARN_BLOCK_CAPTURE_AUTORELEASING = YES;
				CLANG_WARN_BOOL_CONVERSION = YES;
				CLANG_WARN_COMMA = YES;
				CLANG_WARN_CONSTANT_CONVERSION = YES;
				CLANG_WARN_DEPRECATED_OBJC_IMPLEMENTATIONS = YES;
				CLANG_WARN_DIRECT_OBJC_ISA_USAGE = YES_ERROR;
				CLANG_WARN_DOCUMENTATION_COMMENTS = YES;
				CLANG_WARN_EMPTY_BODY = YES;
				CLANG_WARN_ENUM_CONVERSION = YES;
				CLANG_WARN_INFINITE_RECURSION = YES;
				CLANG_WARN_INT_CONVERSION = YES;
				CLANG_WARN_NON_LITERAL_NULL_CONVERSION = YES;
				CLANG_WARN_OBJC_IMPLICIT_RETAIN_SELF = YES;
				CLANG_WARN_OBJC_LITERAL_CONVERSION = YES;
				CLANG_WARN_OBJC_ROOT_CLASS = YES_ERROR;
				CLANG_WARN_QUOTED_INCLUDE_IN_FRAMEWORK_HEADER = YES;
				CLANG_WARN_RANGE_LOOP_ANALYSIS = YES;
				CLANG_WARN_STRICT_PROTOTYPES = YES;
				CLANG_WARN_SUSPICIOUS_MOVE = YES;
				CLANG_WARN_UNGUARDED_AVAILABILITY = YES_AGGRESSIVE;
				CLANG_WARN_UNREACHABLE_CODE = YES;
				CLANG_WARN__DUPLICATE_METHOD_MATCH = YES;
				COPY_PHASE_STRIP = NO;
				DEBUG_INFORMATION_FORMAT = "dwarf-with-dsym";
				ENABLE_NS_ASSERTIONS = NO;
				ENABLE_STRICT_OBJC_MSGSEND = YES;
				GCC_C_LANGUAGE_STANDARD = gnu11;
				GCC_NO_COMMON_BLOCKS = YES;
				GCC_WARN_64_TO_32_BIT_CONVERSION = YES;
				GCC_WARN_ABOUT_RETURN_TYPE = YES_ERROR;
				GCC_WARN_UNDECLARED_SELECTOR = YES;
				GCC_WARN_UNINITIALIZED_AUTOS = YES_AGGRESSIVE;
				GCC_WARN_UNUSED_FUNCTION = YES;
				GCC_WARN_UNUSED_VARIABLE = YES;
				IPHONEOS_DEPLOYMENT_TARGET = 12.0;
				MTL_ENABLE_DEBUG_INFO = NO;
				MTL_FAST_MATH = YES;
				SDKROOT = iphoneos;
				SWIFT_COMPILATION_MODE = wholemodule;
				SWIFT_OPTIMIZATION_LEVEL = "-O";
				VALIDATE_PRODUCT = YES;
			};
			name = Release;
		};
		EB1C4DFA2A18A65A00DE510E /* Debug */ = {
			isa = XCBuildConfiguration;
			buildSettings = {
				ASSETCATALOG_COMPILER_APPICON_NAME = AppIcon;
				ASSETCATALOG_COMPILER_GLOBAL_ACCENT_COLOR_NAME = AccentColor;
				CODE_SIGN_STYLE = Automatic;
				CURRENT_PROJECT_VERSION = 1;
				GENERATE_INFOPLIST_FILE = YES;
				INFOPLIST_FILE = PruebaTecnica/Info.plist;
				INFOPLIST_KEY_UIApplicationSupportsIndirectInputEvents = YES;
				INFOPLIST_KEY_UILaunchStoryboardName = LaunchScreen;
				INFOPLIST_KEY_UIMainStoryboardFile = Main;
				INFOPLIST_KEY_UISupportedInterfaceOrientations_iPad = "UIInterfaceOrientationPortrait UIInterfaceOrientationPortraitUpsideDown UIInterfaceOrientationLandscapeLeft UIInterfaceOrientationLandscapeRight";
				INFOPLIST_KEY_UISupportedInterfaceOrientations_iPhone = "UIInterfaceOrientationPortrait UIInterfaceOrientationLandscapeLeft UIInterfaceOrientationLandscapeRight";
				IPHONEOS_DEPLOYMENT_TARGET = 12.0;
				LD_RUNPATH_SEARCH_PATHS = (
					"$(inherited)",
					"@executable_path/Frameworks",
				);
				MARKETING_VERSION = 1.0;
				PRODUCT_BUNDLE_IDENTIFIER = com.OscarMartinez.PruebaTecnica;
				PRODUCT_NAME = "$(TARGET_NAME)";
				SWIFT_EMIT_LOC_STRINGS = YES;
				SWIFT_VERSION = 5.0;
				TARGETED_DEVICE_FAMILY = "1,2";
			};
			name = Debug;
		};
		EB1C4DFB2A18A65A00DE510E /* Release */ = {
			isa = XCBuildConfiguration;
			buildSettings = {
				ASSETCATALOG_COMPILER_APPICON_NAME = AppIcon;
				ASSETCATALOG_COMPILER_GLOBAL_ACCENT_COLOR_NAME = AccentColor;
				CODE_SIGN_STYLE = Automatic;
				CURRENT_PROJECT_VERSION = 1;
				GENERATE_INFOPLIST_FILE = YES;
				INFOPLIST_FILE = PruebaTecnica/Info.plist;
				INFOPLIST_KEY_UIApplicationSupportsIndirectInputEvents = YES;
				INFOPLIST_KEY_UILaunchStoryboardName = LaunchScreen;
				INFOPLIST_KEY_UIMainStoryboardFile = Main;
				INFOPLIST_KEY_UISupportedInterfaceOrientations_iPad = "UIInterfaceOrientationPortrait UIInterfaceOrientationPortraitUpsideDown UIInterfaceOrientationLandscapeLeft UIInterfaceOrientationLandscapeRight";
				INFOPLIST_KEY_UISupportedInterfaceOrientations_iPhone = "UIInterfaceOrientationPortrait UIInterfaceOrientationLandscapeLeft UIInterfaceOrientationLandscapeRight";
				IPHONEOS_DEPLOYMENT_TARGET = 12.0;
				LD_RUNPATH_SEARCH_PATHS = (
					"$(inherited)",
					"@executable_path/Frameworks",
				);
				MARKETING_VERSION = 1.0;
				PRODUCT_BUNDLE_IDENTIFIER = com.OscarMartinez.PruebaTecnica;
				PRODUCT_NAME = "$(TARGET_NAME)";
				SWIFT_EMIT_LOC_STRINGS = YES;
				SWIFT_VERSION = 5.0;
				TARGETED_DEVICE_FAMILY = "1,2";
			};
			name = Release;
		};
		EB1C4DFD2A18A65A00DE510E /* Debug */ = {
			isa = XCBuildConfiguration;
			buildSettings = {
				ALWAYS_EMBED_SWIFT_STANDARD_LIBRARIES = YES;
				BUNDLE_LOADER = "$(TEST_HOST)";
				CODE_SIGN_STYLE = Automatic;
				CURRENT_PROJECT_VERSION = 1;
				GENERATE_INFOPLIST_FILE = YES;
				IPHONEOS_DEPLOYMENT_TARGET = 16.4;
				MARKETING_VERSION = 1.0;
				PRODUCT_BUNDLE_IDENTIFIER = com.OscarMartinez.PruebaTecnicaTests;
				PRODUCT_NAME = "$(TARGET_NAME)";
				SWIFT_EMIT_LOC_STRINGS = NO;
				SWIFT_VERSION = 5.0;
				TARGETED_DEVICE_FAMILY = "1,2";
				TEST_HOST = "$(BUILT_PRODUCTS_DIR)/PruebaTecnica.app/$(BUNDLE_EXECUTABLE_FOLDER_PATH)/PruebaTecnica";
			};
			name = Debug;
		};
		EB1C4DFE2A18A65A00DE510E /* Release */ = {
			isa = XCBuildConfiguration;
			buildSettings = {
				ALWAYS_EMBED_SWIFT_STANDARD_LIBRARIES = YES;
				BUNDLE_LOADER = "$(TEST_HOST)";
				CODE_SIGN_STYLE = Automatic;
				CURRENT_PROJECT_VERSION = 1;
				GENERATE_INFOPLIST_FILE = YES;
				IPHONEOS_DEPLOYMENT_TARGET = 16.4;
				MARKETING_VERSION = 1.0;
				PRODUCT_BUNDLE_IDENTIFIER = com.OscarMartinez.PruebaTecnicaTests;
				PRODUCT_NAME = "$(TARGET_NAME)";
				SWIFT_EMIT_LOC_STRINGS = NO;
				SWIFT_VERSION = 5.0;
				TARGETED_DEVICE_FAMILY = "1,2";
				TEST_HOST = "$(BUILT_PRODUCTS_DIR)/PruebaTecnica.app/$(BUNDLE_EXECUTABLE_FOLDER_PATH)/PruebaTecnica";
			};
			name = Release;
		};
		EB1C4E002A18A65A00DE510E /* Debug */ = {
			isa = XCBuildConfiguration;
			buildSettings = {
				ALWAYS_EMBED_SWIFT_STANDARD_LIBRARIES = YES;
				CODE_SIGN_STYLE = Automatic;
				CURRENT_PROJECT_VERSION = 1;
				GENERATE_INFOPLIST_FILE = YES;
				MARKETING_VERSION = 1.0;
				PRODUCT_BUNDLE_IDENTIFIER = com.OscarMartinez.PruebaTecnicaUITests;
				PRODUCT_NAME = "$(TARGET_NAME)";
				SWIFT_EMIT_LOC_STRINGS = NO;
				SWIFT_VERSION = 5.0;
				TARGETED_DEVICE_FAMILY = "1,2";
				TEST_TARGET_NAME = PruebaTecnica;
			};
			name = Debug;
		};
		EB1C4E012A18A65A00DE510E /* Release */ = {
			isa = XCBuildConfiguration;
			buildSettings = {
				ALWAYS_EMBED_SWIFT_STANDARD_LIBRARIES = YES;
				CODE_SIGN_STYLE = Automatic;
				CURRENT_PROJECT_VERSION = 1;
				GENERATE_INFOPLIST_FILE = YES;
				MARKETING_VERSION = 1.0;
				PRODUCT_BUNDLE_IDENTIFIER = com.OscarMartinez.PruebaTecnicaUITests;
				PRODUCT_NAME = "$(TARGET_NAME)";
				SWIFT_EMIT_LOC_STRINGS = NO;
				SWIFT_VERSION = 5.0;
				TARGETED_DEVICE_FAMILY = "1,2";
				TEST_TARGET_NAME = PruebaTecnica;
			};
			name = Release;
		};
/* End XCBuildConfiguration section */

/* Begin XCConfigurationList section */
		EB1C4DC72A18A65900DE510E /* Build configuration list for PBXProject "PruebaTecnica" */ = {
			isa = XCConfigurationList;
			buildConfigurations = (
				EB1C4DF72A18A65A00DE510E /* Debug */,
				EB1C4DF82A18A65A00DE510E /* Release */,
			);
			defaultConfigurationIsVisible = 0;
			defaultConfigurationName = Release;
		};
		EB1C4DF92A18A65A00DE510E /* Build configuration list for PBXNativeTarget "PruebaTecnica" */ = {
			isa = XCConfigurationList;
			buildConfigurations = (
				EB1C4DFA2A18A65A00DE510E /* Debug */,
				EB1C4DFB2A18A65A00DE510E /* Release */,
			);
			defaultConfigurationIsVisible = 0;
			defaultConfigurationName = Release;
		};
		EB1C4DFC2A18A65A00DE510E /* Build configuration list for PBXNativeTarget "PruebaTecnicaTests" */ = {
			isa = XCConfigurationList;
			buildConfigurations = (
				EB1C4DFD2A18A65A00DE510E /* Debug */,
				EB1C4DFE2A18A65A00DE510E /* Release */,
			);
			defaultConfigurationIsVisible = 0;
			defaultConfigurationName = Release;
		};
		EB1C4DFF2A18A65A00DE510E /* Build configuration list for PBXNativeTarget "PruebaTecnicaUITests" */ = {
			isa = XCConfigurationList;
			buildConfigurations = (
				EB1C4E002A18A65A00DE510E /* Debug */,
				EB1C4E012A18A65A00DE510E /* Release */,
			);
			defaultConfigurationIsVisible = 0;
			defaultConfigurationName = Release;
		};
/* End XCConfigurationList section */

/* Begin XCVersionGroup section */
		EB1C4DD82A18A65900DE510E /* PruebaTecnica.xcdatamodeld */ = {
			isa = XCVersionGroup;
			children = (
				EB1C4DD92A18A65900DE510E /* PruebaTecnica.xcdatamodel */,
			);
			currentVersion = EB1C4DD92A18A65900DE510E /* PruebaTecnica.xcdatamodel */;
			path = PruebaTecnica.xcdatamodeld;
			sourceTree = "<group>";
			versionGroupType = wrapper.xcdatamodel;
		};
/* End XCVersionGroup section */
	};
	rootObject = EB1C4DC42A18A65900DE510E /* Project object */;
}
